
Microsoft Visual Studio Solution File, Format Version 12.00
# Visual Studio 15
VisualStudioVersion = 15.0.27130.2024
MinimumVisualStudioVersion = 10.0.40219.1
Project("{9A19103F-16F7-4668-BE54-9A1E7A4F7556}") = "SportsStore", "SportsStore.csproj", "{F27565E6-63C9-428F-9AC4-238721126E15}"
EndProject
Global
	GlobalSection(SolutionConfigurationPlatforms) = preSolution
		Debug|Any CPU = Debug|Any CPU
		Release|Any CPU = Release|Any CPU
	EndGlobalSection
	GlobalSection(ProjectConfigurationPlatforms) = postSolution
		{F27565E6-63C9-428F-9AC4-238721126E15}.Debug|Any CPU.ActiveCfg = Debug|Any CPU
		{F27565E6-63C9-428F-9AC4-238721126E15}.Debug|Any CPU.Build.0 = Debug|Any CPU
		{F27565E6-63C9-428F-9AC4-238721126E15}.Release|Any CPU.ActiveCfg = Release|Any CPU
		{F27565E6-63C9-428F-9AC4-238721126E15}.Release|Any CPU.Build.0 = Release|Any CPU
	EndGlobalSection
	GlobalSection(SolutionProperties) = preSolution
		HideSolutionNode = FALSE
	EndGlobalSection
	GlobalSection(ExtensibilityGlobals) = postSolution
		SolutionGuid = {3AA81368-D017-44E0-B99F-D8FF1A285420}
	EndGlobalSection
EndGlobal
